
Microsoft Visual Studio Solution File, Format Version 12.00
# Visual Studio 15
Project("{FAE04EC0-301F-11D3-BF4B-00C04F79EFBC}") = "Challenge_SearchFight", "Challenge_SearchFight.csproj", "{D4CFC9A3-05F2-488D-B12F-B6A8E3FE3C58}"
EndProject
Global
	GlobalSection(SolutionConfigurationPlatforms) = preSolution
		Debug|anycpu = Debug|anycpu
		Release|anycpu = Release|anycpu
	EndGlobalSection
	GlobalSection(ProjectConfigurationPlatforms) = postSolution
		{D4CFC9A3-05F2-488D-B12F-B6A8E3FE3C58}.Debug|anycpu.ActiveCfg = Debug|anycpu
		{D4CFC9A3-05F2-488D-B12F-B6A8E3FE3C58}.Debug|anycpu.Build.0 = Debug|anycpu
		{D4CFC9A3-05F2-488D-B12F-B6A8E3FE3C58}.Release|anycpu.ActiveCfg = Release|anycpu
		{D4CFC9A3-05F2-488D-B12F-B6A8E3FE3C58}.Release|anycpu.Build.0 = Release|anycpu
	EndGlobalSection
EndGlobal
